
Microsoft Visual Studio Solution File, Format Version 12.00
# Visual Studio Version 16
VisualStudioVersion = 16.0.31112.23
MinimumVisualStudioVersion = 10.0.40219.1
Project("{9A19103F-16F7-4668-BE54-9A1E7A4F7556}") = "GT.Wallet.WebApi", "GT.Wallet.WebApi\GT.Wallet.WebApi.csproj", "{16D88C83-A4FE-471E-81E7-DAEEC7C9C0EE}"
EndProject
Project("{9A19103F-16F7-4668-BE54-9A1E7A4F7556}") = "GT.Wallet.Model", "GT.Wallet.Model\GT.Wallet.Model.csproj", "{A11AF35C-44DD-4D0C-A4EA-C73C05DA5314}"
EndProject
Project("{9A19103F-16F7-4668-BE54-9A1E7A4F7556}") = "GT.Wallet.Data", "GT.Wallet.Data\GT.Wallet.Data.csproj", "{C158B6C0-FC88-4A16-A495-4FF41E69F37F}"
EndProject
Project("{9A19103F-16F7-4668-BE54-9A1E7A4F7556}") = "GT.Wallet.Services", "GT.Wallet.Services\GT.Wallet.Services.csproj", "{0180F5B2-F876-46C9-9B07-ADB8D0C808B7}"
EndProject
Project("{FAE04EC0-301F-11D3-BF4B-00C04F79EFBC}") = "GT.Wallet.Tests", "GT.Wallet.Tests\GT.Wallet.Tests.csproj", "{C73DCDED-8C45-45A4-A602-2631F3EFC704}"
EndProject
Global
	GlobalSection(SolutionConfigurationPlatforms) = preSolution
		Debug|Any CPU = Debug|Any CPU
		Release|Any CPU = Release|Any CPU
	EndGlobalSection
	GlobalSection(ProjectConfigurationPlatforms) = postSolution
		{16D88C83-A4FE-471E-81E7-DAEEC7C9C0EE}.Debug|Any CPU.ActiveCfg = Debug|Any CPU
		{16D88C83-A4FE-471E-81E7-DAEEC7C9C0EE}.Debug|Any CPU.Build.0 = Debug|Any CPU
		{16D88C83-A4FE-471E-81E7-DAEEC7C9C0EE}.Release|Any CPU.ActiveCfg = Release|Any CPU
		{16D88C83-A4FE-471E-81E7-DAEEC7C9C0EE}.Release|Any CPU.Build.0 = Release|Any CPU
		{A11AF35C-44DD-4D0C-A4EA-C73C05DA5314}.Debug|Any CPU.ActiveCfg = Debug|Any CPU
		{A11AF35C-44DD-4D0C-A4EA-C73C05DA5314}.Debug|Any CPU.Build.0 = Debug|Any CPU
		{A11AF35C-44DD-4D0C-A4EA-C73C05DA5314}.Release|Any CPU.ActiveCfg = Release|Any CPU
		{A11AF35C-44DD-4D0C-A4EA-C73C05DA5314}.Release|Any CPU.Build.0 = Release|Any CPU
		{C158B6C0-FC88-4A16-A495-4FF41E69F37F}.Debug|Any CPU.ActiveCfg = Debug|Any CPU
		{C158B6C0-FC88-4A16-A495-4FF41E69F37F}.Debug|Any CPU.Build.0 = Debug|Any CPU
		{C158B6C0-FC88-4A16-A495-4FF41E69F37F}.Release|Any CPU.ActiveCfg = Release|Any CPU
		{C158B6C0-FC88-4A16-A495-4FF41E69F37F}.Release|Any CPU.Build.0 = Release|Any CPU
		{0180F5B2-F876-46C9-9B07-ADB8D0C808B7}.Debug|Any CPU.ActiveCfg = Debug|Any CPU
		{0180F5B2-F876-46C9-9B07-ADB8D0C808B7}.Debug|Any CPU.Build.0 = Debug|Any CPU
		{0180F5B2-F876-46C9-9B07-ADB8D0C808B7}.Release|Any CPU.ActiveCfg = Release|Any CPU
		{0180F5B2-F876-46C9-9B07-ADB8D0C808B7}.Release|Any CPU.Build.0 = Release|Any CPU
		{C73DCDED-8C45-45A4-A602-2631F3EFC704}.Debug|Any CPU.ActiveCfg = Debug|Any CPU
		{C73DCDED-8C45-45A4-A602-2631F3EFC704}.Debug|Any CPU.Build.0 = Debug|Any CPU
		{C73DCDED-8C45-45A4-A602-2631F3EFC704}.Release|Any CPU.ActiveCfg = Release|Any CPU
		{C73DCDED-8C45-45A4-A602-2631F3EFC704}.Release|Any CPU.Build.0 = Release|Any CPU
	EndGlobalSection
	GlobalSection(SolutionProperties) = preSolution
		HideSolutionNode = FALSE
	EndGlobalSection
	GlobalSection(ExtensibilityGlobals) = postSolution
		SolutionGuid = {20748F17-FCA4-4ADA-8A8E-15CACF96BB70}
	EndGlobalSection
EndGlobal
